
Microsoft Visual Studio Solution File, Format Version 12.00
# Visual Studio Version 17
VisualStudioVersion = 17.0.31912.275
MinimumVisualStudioVersion = 10.0.40219.1
Project("{FAE04EC0-301F-11D3-BF4B-00C04F79EFBC}") = "Cake Shop Management System", "Cake Shop Management System.csproj", "{5281D3F5-0336-4E00-BDAF-DE8360C59F32}"
EndProject
Global
	GlobalSection(SolutionConfigurationPlatforms) = preSolution
		Debug|Any CPU = Debug|Any CPU
		Release|Any CPU = Release|Any CPU
	EndGlobalSection
	GlobalSection(ProjectConfigurationPlatforms) = postSolution
		{5281D3F5-0336-4E00-BDAF-DE8360C59F32}.Debug|Any CPU.ActiveCfg = Debug|Any CPU
		{5281D3F5-0336-4E00-BDAF-DE8360C59F32}.Debug|Any CPU.Build.0 = Debug|Any CPU
		{5281D3F5-0336-4E00-BDAF-DE8360C59F32}.Release|Any CPU.ActiveCfg = Release|Any CPU
		{5281D3F5-0336-4E00-BDAF-DE8360C59F32}.Release|Any CPU.Build.0 = Release|Any CPU
	EndGlobalSection
	GlobalSection(SolutionProperties) = preSolution
		HideSolutionNode = FALSE
	EndGlobalSection
	GlobalSection(ExtensibilityGlobals) = postSolution
		SolutionGuid = {CD98CDB8-B60A-4EFD-801A-D210C51534A1}
	EndGlobalSection
EndGlobal
